
Microsoft Visual Studio Solution File, Format Version 12.00
# Visual Studio Version 17
VisualStudioVersion = 17.14.36414.22 d17.14
MinimumVisualStudioVersion = 10.0.40219.1
Project("{FAE04EC0-301F-11D3-BF4B-00C04F79EFBC}") = "ConversionMorse", "ConversionMorse\ConversionMorse.csproj", "{38F1679E-787E-47B9-B2C0-4E8388ED33D6}"
EndProject
Global
	GlobalSection(SolutionConfigurationPlatforms) = preSolution
		Debug|Any CPU = Debug|Any CPU
		Release|Any CPU = Release|Any CPU
	EndGlobalSection
	GlobalSection(ProjectConfigurationPlatforms) = postSolution
		{38F1679E-787E-47B9-B2C0-4E8388ED33D6}.Debug|Any CPU.ActiveCfg = Debug|Any CPU
		{38F1679E-787E-47B9-B2C0-4E8388ED33D6}.Debug|Any CPU.Build.0 = Debug|Any CPU
		{38F1679E-787E-47B9-B2C0-4E8388ED33D6}.Release|Any CPU.ActiveCfg = Release|Any CPU
		{38F1679E-787E-47B9-B2C0-4E8388ED33D6}.Release|Any CPU.Build.0 = Release|Any CPU
	EndGlobalSection
	GlobalSection(SolutionProperties) = preSolution
		HideSolutionNode = FALSE
	EndGlobalSection
	GlobalSection(ExtensibilityGlobals) = postSolution
		SolutionGuid = {AC9F6B3B-BA4B-469E-893A-3B77AA5D9B5F}
	EndGlobalSection
EndGlobal
